
Microsoft Visual Studio Solution File, Format Version 12.00
Project("{FAE04EC0-301F-11D3-BF4B-00C04F79EFBC}") = "StringMagician", "StringMagician\StringMagician.csproj", "{CEFF3881-A384-4843-9FDE-841CC514410A}"
EndProject
Global
	GlobalSection(SolutionConfigurationPlatforms) = preSolution
		Debug|Any CPU = Debug|Any CPU
		Release|Any CPU = Release|Any CPU
	EndGlobalSection
	GlobalSection(ProjectConfigurationPlatforms) = postSolution
		{CEFF3881-A384-4843-9FDE-841CC514410A}.Debug|Any CPU.ActiveCfg = Debug|Any CPU
		{CEFF3881-A384-4843-9FDE-841CC514410A}.Debug|Any CPU.Build.0 = Debug|Any CPU
		{CEFF3881-A384-4843-9FDE-841CC514410A}.Release|Any CPU.ActiveCfg = Release|Any CPU
		{CEFF3881-A384-4843-9FDE-841CC514410A}.Release|Any CPU.Build.0 = Release|Any CPU
	EndGlobalSection
EndGlobal
